
Microsoft Visual Studio Solution File, Format Version 12.00
# Visual Studio 15
VisualStudioVersion = 15.0.28010.2050
MinimumVisualStudioVersion = 10.0.40219.1
Project("{FAE04EC0-301F-11D3-BF4B-00C04F79EFBC}") = "Example47App", "Example47App\Example47App.csproj", "{400DADA7-2F39-4C53-BEC2-5A452BDD298A}"
EndProject
Global
	GlobalSection(SolutionConfigurationPlatforms) = preSolution
		Debug|Any CPU = Debug|Any CPU
		Release|Any CPU = Release|Any CPU
	EndGlobalSection
	GlobalSection(ProjectConfigurationPlatforms) = postSolution
		{400DADA7-2F39-4C53-BEC2-5A452BDD298A}.Debug|Any CPU.ActiveCfg = Debug|Any CPU
		{400DADA7-2F39-4C53-BEC2-5A452BDD298A}.Debug|Any CPU.Build.0 = Debug|Any CPU
		{400DADA7-2F39-4C53-BEC2-5A452BDD298A}.Release|Any CPU.ActiveCfg = Release|Any CPU
		{400DADA7-2F39-4C53-BEC2-5A452BDD298A}.Release|Any CPU.Build.0 = Release|Any CPU
	EndGlobalSection
	GlobalSection(SolutionProperties) = preSolution
		HideSolutionNode = FALSE
	EndGlobalSection
	GlobalSection(ExtensibilityGlobals) = postSolution
		SolutionGuid = {6A6B0573-1BF2-44F4-8AAA-DE41C9814CCF}
	EndGlobalSection
EndGlobal
